
Microsoft Visual Studio Solution File, Format Version 12.00
# Visual Studio 15
VisualStudioVersion = 15.0.27703.2026
MinimumVisualStudioVersion = 10.0.40219.1
Project("{FAE04EC0-301F-11D3-BF4B-00C04F79EFBC}") = "SportsBall", "SportsBall\SportsBall.csproj", "{D7DB5E29-1BD8-4C52-AFFD-24A2CFE6613B}"
EndProject
Project("{2150E333-8FDC-42A3-9474-1A3956D46DE8}") = "Solution Items", "Solution Items", "{F6590FD2-4F20-4FFC-9B05-72AD7182F040}"
	ProjectSection(SolutionItems) = preProject
		SportsBall\bin\Debug\topten.json = SportsBall\bin\Debug\topten.json
	EndProjectSection
EndProject
Global
	GlobalSection(SolutionConfigurationPlatforms) = preSolution
		Debug|Any CPU = Debug|Any CPU
		Release|Any CPU = Release|Any CPU
	EndGlobalSection
	GlobalSection(ProjectConfigurationPlatforms) = postSolution
		{D7DB5E29-1BD8-4C52-AFFD-24A2CFE6613B}.Debug|Any CPU.ActiveCfg = Debug|Any CPU
		{D7DB5E29-1BD8-4C52-AFFD-24A2CFE6613B}.Debug|Any CPU.Build.0 = Debug|Any CPU
		{D7DB5E29-1BD8-4C52-AFFD-24A2CFE6613B}.Release|Any CPU.ActiveCfg = Release|Any CPU
		{D7DB5E29-1BD8-4C52-AFFD-24A2CFE6613B}.Release|Any CPU.Build.0 = Release|Any CPU
	EndGlobalSection
	GlobalSection(SolutionProperties) = preSolution
		HideSolutionNode = FALSE
	EndGlobalSection
	GlobalSection(ExtensibilityGlobals) = postSolution
		SolutionGuid = {8FCCCB45-AFE7-42A3-B54D-634758E51A17}
	EndGlobalSection
EndGlobal
